
Microsoft Visual Studio Solution File, Format Version 12.00
# Visual Studio 15
VisualStudioVersion = 15.0.28307.1927
MinimumVisualStudioVersion = 10.0.40219.1
Project("{FAE04EC0-301F-11D3-BF4B-00C04F79EFBC}") = "ALNWEB", "ALNWEB\ALNWEB.csproj", "{6A49F6F8-D378-4377-9523-4FB5F3A5061F}"
EndProject
Global
	GlobalSection(SolutionConfigurationPlatforms) = preSolution
		Debug|Any CPU = Debug|Any CPU
		Release|Any CPU = Release|Any CPU
	EndGlobalSection
	GlobalSection(ProjectConfigurationPlatforms) = postSolution
		{6A49F6F8-D378-4377-9523-4FB5F3A5061F}.Debug|Any CPU.ActiveCfg = Debug|Any CPU
		{6A49F6F8-D378-4377-9523-4FB5F3A5061F}.Debug|Any CPU.Build.0 = Debug|Any CPU
		{6A49F6F8-D378-4377-9523-4FB5F3A5061F}.Release|Any CPU.ActiveCfg = Release|Any CPU
		{6A49F6F8-D378-4377-9523-4FB5F3A5061F}.Release|Any CPU.Build.0 = Release|Any CPU
	EndGlobalSection
	GlobalSection(SolutionProperties) = preSolution
		HideSolutionNode = FALSE
	EndGlobalSection
	GlobalSection(ExtensibilityGlobals) = postSolution
		SolutionGuid = {10EE2EA4-50FA-4CDD-AEF4-A06419A986A5}
	EndGlobalSection
EndGlobal
